// !$*UTF8*$!
{
	archiveVersion = 1;
	classes = {
	};
	objectVersion = 46;
	objects = {

/* Begin PBXBuildFile section */
		144546F815F15D2E001CAC58 /* Cocoa.framework in Frameworks */ = {isa = PBXBuildFile; fileRef = 144546F715F15D2E001CAC58 /* Cocoa.framework */; };
		1445470215F15D2E001CAC58 /* InfoPlist.strings in Resources */ = {isa = PBXBuildFile; fileRef = 1445470015F15D2E001CAC58 /* InfoPlist.strings */; };
		1445470415F15D2E001CAC58 /* main.m in Sources */ = {isa = PBXBuildFile; fileRef = 1445470315F15D2E001CAC58 /* main.m */; };
		1445470815F15D2E001CAC58 /* Credits.rtf in Resources */ = {isa = PBXBuildFile; fileRef = 1445470615F15D2E001CAC58 /* Credits.rtf */; };
		1445470B15F15D2E001CAC58 /* AppDelegate.m in Sources */ = {isa = PBXBuildFile; fileRef = 1445470A15F15D2E001CAC58 /* AppDelegate.m */; };
		1445470E15F15D2E001CAC58 /* MainMenu.xib in Resources */ = {isa = PBXBuildFile; fileRef = 1445470C15F15D2E001CAC58 /* MainMenu.xib */; };
		1445471615F15D2F001CAC58 /* SenTestingKit.framework in Frameworks */ = {isa = PBXBuildFile; fileRef = 1445471515F15D2F001CAC58 /* SenTestingKit.framework */; };
		1445471715F15D2F001CAC58 /* Cocoa.framework in Frameworks */ = {isa = PBXBuildFile; fileRef = 144546F715F15D2E001CAC58 /* Cocoa.framework */; };
		1445471F15F15D2F001CAC58 /* InfoPlist.strings in Resources */ = {isa = PBXBuildFile; fileRef = 1445471D15F15D2F001CAC58 /* InfoPlist.strings */; };
		1445472215F15D2F001CAC58 /* TextAppTests.m in Sources */ = {isa = PBXBuildFile; fileRef = 1445472115F15D2F001CAC58 /* TextAppTests.m */; };
		145505C515F5A45E00C249C8 /* WonderfulNumber.h in Sources */ = {isa = PBXBuildFile; fileRef = 145505C315F5A45E00C249C8 /* WonderfulNumber.h */; };
		145505C615F5A45E00C249C8 /* WonderfulNumber.m in Sources */ = {isa = PBXBuildFile; fileRef = 145505C415F5A45E00C249C8 /* WonderfulNumber.m */; };
		14A3E13215F5682200909190 /* MathUtilities.h in Sources */ = {isa = PBXBuildFile; fileRef = 14A3E13015F5682200909190 /* MathUtilities.h */; };
		14A3E13315F5682200909190 /* MathUtilities.m in Sources */ = {isa = PBXBuildFile; fileRef = 14A3E13115F5682200909190 /* MathUtilities.m */; };
		14EA8D9215F3F39200B1F3DD /* NotifyingClass.h in Sources */ = {isa = PBXBuildFile; fileRef = 14EA8D9015F3F39200B1F3DD /* NotifyingClass.h */; };
		14EA8D9315F3F39200B1F3DD /* NotifyingClass.m in Sources */ = {isa = PBXBuildFile; fileRef = 14EA8D9115F3F39200B1F3DD /* NotifyingClass.m */; };
/* End PBXBuildFile section */

/* Begin PBXContainerItemProxy section */
		1445471815F15D2F001CAC58 /* PBXContainerItemProxy */ = {
			isa = PBXContainerItemProxy;
			containerPortal = 144546EA15F15D2E001CAC58 /* Project object */;
			proxyType = 1;
			remoteGlobalIDString = 144546F215F15D2E001CAC58;
			remoteInfo = TextApp;
		};
/* End PBXContainerItemProxy section */

/* Begin PBXFileReference section */
		144546F315F15D2E001CAC58 /* TextApp.app */ = {isa = PBXFileReference; explicitFileType = wrapper.application; includeInIndex = 0; path = TextApp.app; sourceTree = BUILT_PRODUCTS_DIR; };
		144546F715F15D2E001CAC58 /* Cocoa.framework */ = {isa = PBXFileReference; lastKnownFileType = wrapper.framework; name = Cocoa.framework; path = System/Library/Frameworks/Cocoa.framework; sourceTree = SDKROOT; };
		144546FA15F15D2E001CAC58 /* AppKit.framework */ = {isa = PBXFileReference; lastKnownFileType = wrapper.framework; name = AppKit.framework; path = System/Library/Frameworks/AppKit.framework; sourceTree = SDKROOT; };
		144546FB15F15D2E001CAC58 /* CoreData.framework */ = {isa = PBXFileReference; lastKnownFileType = wrapper.framework; name = CoreData.framework; path = System/Library/Frameworks/CoreData.framework; sourceTree = SDKROOT; };
		144546FC15F15D2E001CAC58 /* Foundation.framework */ = {isa = PBXFileReference; lastKnownFileType = wrapper.framework; name = Foundation.framework; path = System/Library/Frameworks/Foundation.framework; sourceTree = SDKROOT; };
		144546FF15F15D2E001CAC58 /* TextApp-Info.plist */ = {isa = PBXFileReference; lastKnownFileType = text.plist.xml; path = "TextApp-Info.plist"; sourceTree = "<group>"; };
		1445470115F15D2E001CAC58 /* en */ = {isa = PBXFileReference; lastKnownFileType = text.plist.strings; name = en; path = en.lproj/InfoPlist.strings; sourceTree = "<group>"; };
		1445470315F15D2E001CAC58 /* main.m */ = {isa = PBXFileReference; lastKnownFileType = sourcecode.c.objc; path = main.m; sourceTree = "<group>"; };
		1445470515F15D2E001CAC58 /* TextApp-Prefix.pch */ = {isa = PBXFileReference; lastKnownFileType = sourcecode.c.h; path = "TextApp-Prefix.pch"; sourceTree = "<group>"; };
		1445470715F15D2E001CAC58 /* en */ = {isa = PBXFileReference; lastKnownFileType = text.rtf; name = en; path = en.lproj/Credits.rtf; sourceTree = "<group>"; };
		1445470915F15D2E001CAC58 /* AppDelegate.h */ = {isa = PBXFileReference; lastKnownFileType = sourcecode.c.h; path = AppDelegate.h; sourceTree = "<group>"; };
		1445470A15F15D2E001CAC58 /* AppDelegate.m */ = {isa = PBXFileReference; lastKnownFileType = sourcecode.c.objc; path = AppDelegate.m; sourceTree = "<group>"; };
		1445470D15F15D2E001CAC58 /* en */ = {isa = PBXFileReference; lastKnownFileType = file.xib; name = en; path = en.lproj/MainMenu.xib; sourceTree = "<group>"; };
		1445471415F15D2F001CAC58 /* TextAppTests.octest */ = {isa = PBXFileReference; explicitFileType = wrapper.cfbundle; includeInIndex = 0; path = TextAppTests.octest; sourceTree = BUILT_PRODUCTS_DIR; };
		1445471515F15D2F001CAC58 /* SenTestingKit.framework */ = {isa = PBXFileReference; lastKnownFileType = wrapper.framework; name = SenTestingKit.framework; path = Library/Frameworks/SenTestingKit.framework; sourceTree = DEVELOPER_DIR; };
		1445471C15F15D2F001CAC58 /* TextAppTests-Info.plist */ = {isa = PBXFileReference; lastKnownFileType = text.plist.xml; path = "TextAppTests-Info.plist"; sourceTree = "<group>"; };
		1445471E15F15D2F001CAC58 /* en */ = {isa = PBXFileReference; lastKnownFileType = text.plist.strings; name = en; path = en.lproj/InfoPlist.strings; sourceTree = "<group>"; };
		1445472015F15D2F001CAC58 /* TextAppTests.h */ = {isa = PBXFileReference; lastKnownFileType = sourcecode.c.h; path = TextAppTests.h; sourceTree = "<group>"; };
		1445472115F15D2F001CAC58 /* TextAppTests.m */ = {isa = PBXFileReference; lastKnownFileType = sourcecode.c.objc; path = TextAppTests.m; sourceTree = "<group>"; };
		145505C315F5A45E00C249C8 /* WonderfulNumber.h */ = {isa = PBXFileReference; fileEncoding = 4; lastKnownFileType = sourcecode.objj.h; path = WonderfulNumber.h; sourceTree = "<group>"; };
		145505C415F5A45E00C249C8 /* WonderfulNumber.m */ = {isa = PBXFileReference; fileEncoding = 4; lastKnownFileType = sourcecode.c.objc; path = WonderfulNumber.m; sourceTree = "<group>"; };
		14A3E13015F5682200909190 /* MathUtilities.h */ = {isa = PBXFileReference; fileEncoding = 4; lastKnownFileType = sourcecode.objj.h; path = MathUtilities.h; sourceTree = "<group>"; };
		14A3E13115F5682200909190 /* MathUtilities.m */ = {isa = PBXFileReference; fileEncoding = 4; lastKnownFileType = sourcecode.c.objc; path = MathUtilities.m; sourceTree = "<group>"; };
		14EA8D9015F3F39200B1F3DD /* NotifyingClass.h */ = {isa = PBXFileReference; fileEncoding = 4; lastKnownFileType = sourcecode.objj.h; path = NotifyingClass.h; sourceTree = "<group>"; };
		14EA8D9115F3F39200B1F3DD /* NotifyingClass.m */ = {isa = PBXFileReference; fileEncoding = 4; lastKnownFileType = sourcecode.c.objc; path = NotifyingClass.m; sourceTree = "<group>"; };
/* End PBXFileReference section */

/* Begin PBXFrameworksBuildPhase section */
		144546F015F15D2E001CAC58 /* Frameworks */ = {
			isa = PBXFrameworksBuildPhase;
			buildActionMask = 2147483647;
			files = (
				144546F815F15D2E001CAC58 /* Cocoa.framework in Frameworks */,
			);
			runOnlyForDeploymentPostprocessing = 0;
		};
		1445471015F15D2F001CAC58 /* Frameworks */ = {
			isa = PBXFrameworksBuildPhase;
			buildActionMask = 2147483647;
			files = (
				1445471615F15D2F001CAC58 /* SenTestingKit.framework in Frameworks */,
				1445471715F15D2F001CAC58 /* Cocoa.framework in Frameworks */,
			);
			runOnlyForDeploymentPostprocessing = 0;
		};
/* End PBXFrameworksBuildPhase section */

/* Begin PBXGroup section */
		144546E815F15D2E001CAC58 = {
			isa = PBXGroup;
			children = (
				144546FD15F15D2E001CAC58 /* TextApp */,
				1445471A15F15D2F001CAC58 /* TextAppTests */,
				144546F615F15D2E001CAC58 /* Frameworks */,
				144546F415F15D2E001CAC58 /* Products */,
			);
			sourceTree = "<group>";
		};
		144546F415F15D2E001CAC58 /* Products */ = {
			isa = PBXGroup;
			children = (
				144546F315F15D2E001CAC58 /* TextApp.app */,
				1445471415F15D2F001CAC58 /* TextAppTests.octest */,
			);
			name = Products;
			sourceTree = "<group>";
		};
		144546F615F15D2E001CAC58 /* Frameworks */ = {
			isa = PBXGroup;
			children = (
				144546F715F15D2E001CAC58 /* Cocoa.framework */,
				1445471515F15D2F001CAC58 /* SenTestingKit.framework */,
				144546F915F15D2E001CAC58 /* Other Frameworks */,
			);
			name = Frameworks;
			sourceTree = "<group>";
		};
		144546F915F15D2E001CAC58 /* Other Frameworks */ = {
			isa = PBXGroup;
			children = (
				144546FA15F15D2E001CAC58 /* AppKit.framework */,
				144546FB15F15D2E001CAC58 /* CoreData.framework */,
				144546FC15F15D2E001CAC58 /* Foundation.framework */,
			);
			name = "Other Frameworks";
			sourceTree = "<group>";
		};
		144546FD15F15D2E001CAC58 /* TextApp */ = {
			isa = PBXGroup;
			children = (
				1445470915F15D2E001CAC58 /* AppDelegate.h */,
				1445470A15F15D2E001CAC58 /* AppDelegate.m */,
				14EA8D9015F3F39200B1F3DD /* NotifyingClass.h */,
				145505C315F5A45E00C249C8 /* WonderfulNumber.h */,
				145505C415F5A45E00C249C8 /* WonderfulNumber.m */,
				14EA8D9115F3F39200B1F3DD /* NotifyingClass.m */,
				14A3E13015F5682200909190 /* MathUtilities.h */,
				14A3E13115F5682200909190 /* MathUtilities.m */,
				1445470C15F15D2E001CAC58 /* MainMenu.xib */,
				144546FE15F15D2E001CAC58 /* Supporting Files */,
			);
			path = TextApp;
			sourceTree = "<group>";
		};
		144546FE15F15D2E001CAC58 /* Supporting Files */ = {
			isa = PBXGroup;
			children = (
				144546FF15F15D2E001CAC58 /* TextApp-Info.plist */,
				1445470015F15D2E001CAC58 /* InfoPlist.strings */,
				1445470315F15D2E001CAC58 /* main.m */,
				1445470515F15D2E001CAC58 /* TextApp-Prefix.pch */,
				1445470615F15D2E001CAC58 /* Credits.rtf */,
			);
			name = "Supporting Files";
			sourceTree = "<group>";
		};
		1445471A15F15D2F001CAC58 /* TextAppTests */ = {
			isa = PBXGroup;
			children = (
				1445472015F15D2F001CAC58 /* TextAppTests.h */,
				1445472115F15D2F001CAC58 /* TextAppTests.m */,
				1445471B15F15D2F001CAC58 /* Supporting Files */,
			);
			path = TextAppTests;
			sourceTree = "<group>";
		};
		1445471B15F15D2F001CAC58 /* Supporting Files */ = {
			isa = PBXGroup;
			children = (
				1445471C15F15D2F001CAC58 /* TextAppTests-Info.plist */,
				1445471D15F15D2F001CAC58 /* InfoPlist.strings */,
			);
			name = "Supporting Files";
			sourceTree = "<group>";
		};
/* End PBXGroup section */

/* Begin PBXNativeTarget section */
		144546F215F15D2E001CAC58 /* TextApp */ = {
			isa = PBXNativeTarget;
			buildConfigurationList = 1445472515F15D2F001CAC58 /* Build configuration list for PBXNativeTarget "TextApp" */;
			buildPhases = (
				144546EF15F15D2E001CAC58 /* Sources */,
				144546F015F15D2E001CAC58 /* Frameworks */,
				144546F115F15D2E001CAC58 /* Resources */,
			);
			buildRules = (
			);
			dependencies = (
			);
			name = TextApp;
			productName = TextApp;
			productReference = 144546F315F15D2E001CAC58 /* TextApp.app */;
			productType = "com.apple.product-type.application";
		};
		1445471315F15D2F001CAC58 /* TextAppTests */ = {
			isa = PBXNativeTarget;
			buildConfigurationList = 1445472815F15D2F001CAC58 /* Build configuration list for PBXNativeTarget "TextAppTests" */;
			buildPhases = (
				1445470F15F15D2F001CAC58 /* Sources */,
				1445471015F15D2F001CAC58 /* Frameworks */,
				1445471115F15D2F001CAC58 /* Resources */,
				1445471215F15D2F001CAC58 /* ShellScript */,
			);
			buildRules = (
			);
			dependencies = (
				1445471915F15D2F001CAC58 /* PBXTargetDependency */,
			);
			name = TextAppTests;
			productName = TextAppTests;
			productReference = 1445471415F15D2F001CAC58 /* TextAppTests.octest */;
			productType = "com.apple.product-type.bundle";
		};
/* End PBXNativeTarget section */

/* Begin PBXProject section */
		144546EA15F15D2E001CAC58 /* Project object */ = {
			isa = PBXProject;
			attributes = {
				LastUpgradeCheck = 0440;
				ORGANIZATIONNAME = Atrosity;
			};
			buildConfigurationList = 144546ED15F15D2E001CAC58 /* Build configuration list for PBXProject "TextApp" */;
			compatibilityVersion = "Xcode 3.2";
			developmentRegion = English;
			hasScannedForEncodings = 0;
			knownRegions = (
				en,
			);
			mainGroup = 144546E815F15D2E001CAC58;
			productRefGroup = 144546F415F15D2E001CAC58 /* Products */;
			projectDirPath = "";
			projectRoot = "";
			targets = (
				144546F215F15D2E001CAC58 /* TextApp */,
				1445471315F15D2F001CAC58 /* TextAppTests */,
			);
		};
/* End PBXProject section */

/* Begin PBXResourcesBuildPhase section */
		144546F115F15D2E001CAC58 /* Resources */ = {
			isa = PBXResourcesBuildPhase;
			buildActionMask = 2147483647;
			files = (
				1445470215F15D2E001CAC58 /* InfoPlist.strings in Resources */,
				1445470815F15D2E001CAC58 /* Credits.rtf in Resources */,
				1445470E15F15D2E001CAC58 /* MainMenu.xib in Resources */,
			);
			runOnlyForDeploymentPostprocessing = 0;
		};
		1445471115F15D2F001CAC58 /* Resources */ = {
			isa = PBXResourcesBuildPhase;
			buildActionMask = 2147483647;
			files = (
				1445471F15F15D2F001CAC58 /* InfoPlist.strings in Resources */,
			);
			runOnlyForDeploymentPostprocessing = 0;
		};
/* End PBXResourcesBuildPhase section */

/* Begin PBXShellScriptBuildPhase section */
		1445471215F15D2F001CAC58 /* ShellScript */ = {
			isa = PBXShellScriptBuildPhase;
			buildActionMask = 2147483647;
			files = (
			);
			inputPaths = (
			);
			outputPaths = (
			);
			runOnlyForDeploymentPostprocessing = 0;
			shellPath = /bin/sh;
			shellScript = "# Run the unit tests in this test bundle.\n\"${SYSTEM_DEVELOPER_DIR}/Tools/RunUnitTests\"\n";
		};
/* End PBXShellScriptBuildPhase section */

/* Begin PBXSourcesBuildPhase section */
		144546EF15F15D2E001CAC58 /* Sources */ = {
			isa = PBXSourcesBuildPhase;
			buildActionMask = 2147483647;
			files = (
				1445470415F15D2E001CAC58 /* main.m in Sources */,
				1445470B15F15D2E001CAC58 /* AppDelegate.m in Sources */,
				14EA8D9215F3F39200B1F3DD /* NotifyingClass.h in Sources */,
				14EA8D9315F3F39200B1F3DD /* NotifyingClass.m in Sources */,
				14A3E13215F5682200909190 /* MathUtilities.h in Sources */,
				14A3E13315F5682200909190 /* MathUtilities.m in Sources */,
				145505C515F5A45E00C249C8 /* WonderfulNumber.h in Sources */,
				145505C615F5A45E00C249C8 /* WonderfulNumber.m in Sources */,
			);
			runOnlyForDeploymentPostprocessing = 0;
		};
		1445470F15F15D2F001CAC58 /* Sources */ = {
			isa = PBXSourcesBuildPhase;
			buildActionMask = 2147483647;
			files = (
				1445472215F15D2F001CAC58 /* TextAppTests.m in Sources */,
			);
			runOnlyForDeploymentPostprocessing = 0;
		};
/* End PBXSourcesBuildPhase section */

/* Begin PBXTargetDependency section */
		1445471915F15D2F001CAC58 /* PBXTargetDependency */ = {
			isa = PBXTargetDependency;
			target = 144546F215F15D2E001CAC58 /* TextApp */;
			targetProxy = 1445471815F15D2F001CAC58 /* PBXContainerItemProxy */;
		};
/* End PBXTargetDependency section */

/* Begin PBXVariantGroup section */
		1445470015F15D2E001CAC58 /* InfoPlist.strings */ = {
			isa = PBXVariantGroup;
			children = (
				1445470115F15D2E001CAC58 /* en */,
			);
			name = InfoPlist.strings;
			sourceTree = "<group>";
		};
		1445470615F15D2E001CAC58 /* Credits.rtf */ = {
			isa = PBXVariantGroup;
			children = (
				1445470715F15D2E001CAC58 /* en */,
			);
			name = Credits.rtf;
			sourceTree = "<group>";
		};
		1445470C15F15D2E001CAC58 /* MainMenu.xib */ = {
			isa = PBXVariantGroup;
			children = (
				1445470D15F15D2E001CAC58 /* en */,
			);
			name = MainMenu.xib;
			sourceTree = "<group>";
		};
		1445471D15F15D2F001CAC58 /* InfoPlist.strings */ = {
			isa = PBXVariantGroup;
			children = (
				1445471E15F15D2F001CAC58 /* en */,
			);
			name = InfoPlist.strings;
			sourceTree = "<group>";
		};
/* End PBXVariantGroup section */

/* Begin XCBuildConfiguration section */
		1445472315F15D2F001CAC58 /* Debug */ = {
			isa = XCBuildConfiguration;
			buildSettings = {
				ALWAYS_SEARCH_USER_PATHS = NO;
				ARCHS = "$(ARCHS_STANDARD_64_BIT)";
				CLANG_CXX_LANGUAGE_STANDARD = "gnu++0x";
				CLANG_ENABLE_OBJC_ARC = YES;
				CLANG_WARN__DUPLICATE_METHOD_MATCH = YES;
				COPY_PHASE_STRIP = NO;
				GCC_C_LANGUAGE_STANDARD = gnu99;
				GCC_DYNAMIC_NO_PIC = NO;
				GCC_ENABLE_OBJC_EXCEPTIONS = YES;
				GCC_OPTIMIZATION_LEVEL = 0;
				GCC_PREPROCESSOR_DEFINITIONS = (
					"DEBUG=1",
					"$(inherited)",
				);
				GCC_SYMBOLS_PRIVATE_EXTERN = NO;
				GCC_WARN_64_TO_32_BIT_CONVERSION = YES;
				GCC_WARN_ABOUT_RETURN_TYPE = YES;
				GCC_WARN_UNINITIALIZED_AUTOS = YES;
				GCC_WARN_UNUSED_VARIABLE = YES;
				MACOSX_DEPLOYMENT_TARGET = 10.8;
				ONLY_ACTIVE_ARCH = YES;
				SDKROOT = macosx;
			};
			name = Debug;
		};
		1445472415F15D2F001CAC58 /* Release */ = {
			isa = XCBuildConfiguration;
			buildSettings = {
				ALWAYS_SEARCH_USER_PATHS = NO;
				ARCHS = "$(ARCHS_STANDARD_64_BIT)";
				CLANG_CXX_LANGUAGE_STANDARD = "gnu++0x";
				CLANG_ENABLE_OBJC_ARC = YES;
				CLANG_WARN__DUPLICATE_METHOD_MATCH = YES;
				COPY_PHASE_STRIP = YES;
				DEBUG_INFORMATION_FORMAT = "dwarf-with-dsym";
				GCC_C_LANGUAGE_STANDARD = gnu99;
				GCC_ENABLE_OBJC_EXCEPTIONS = YES;
				GCC_WARN_64_TO_32_BIT_CONVERSION = YES;
				GCC_WARN_ABOUT_RETURN_TYPE = YES;
				GCC_WARN_UNINITIALIZED_AUTOS = YES;
				GCC_WARN_UNUSED_VARIABLE = YES;
				MACOSX_DEPLOYMENT_TARGET = 10.8;
				SDKROOT = macosx;
			};
			name = Release;
		};
		1445472615F15D2F001CAC58 /* Debug */ = {
			isa = XCBuildConfiguration;
			buildSettings = {
				COMBINE_HIDPI_IMAGES = YES;
				GCC_PRECOMPILE_PREFIX_HEADER = YES;
				GCC_PREFIX_HEADER = "TextApp/TextApp-Prefix.pch";
				INFOPLIST_FILE = "TextApp/TextApp-Info.plist";
				PRODUCT_NAME = "$(TARGET_NAME)";
				WRAPPER_EXTENSION = app;
			};
			name = Debug;
		};
		1445472715F15D2F001CAC58 /* Release */ = {
			isa = XCBuildConfiguration;
			buildSettings = {
				COMBINE_HIDPI_IMAGES = YES;
				GCC_PRECOMPILE_PREFIX_HEADER = YES;
				GCC_PREFIX_HEADER = "TextApp/TextApp-Prefix.pch";
				INFOPLIST_FILE = "TextApp/TextApp-Info.plist";
				PRODUCT_NAME = "$(TARGET_NAME)";
				WRAPPER_EXTENSION = app;
			};
			name = Release;
		};
		1445472915F15D2F001CAC58 /* Debug */ = {
			isa = XCBuildConfiguration;
			buildSettings = {
				BUNDLE_LOADER = "$(BUILT_PRODUCTS_DIR)/TextApp.app/Contents/MacOS/TextApp";
				COMBINE_HIDPI_IMAGES = YES;
				FRAMEWORK_SEARCH_PATHS = "\"$(DEVELOPER_LIBRARY_DIR)/Frameworks\"";
				GCC_PRECOMPILE_PREFIX_HEADER = YES;
				GCC_PREFIX_HEADER = "TextApp/TextApp-Prefix.pch";
				INFOPLIST_FILE = "TextAppTests/TextAppTests-Info.plist";
				PRODUCT_NAME = "$(TARGET_NAME)";
				TEST_HOST = "$(BUNDLE_LOADER)";
				WRAPPER_EXTENSION = octest;
			};
			name = Debug;
		};
		1445472A15F15D2F001CAC58 /* Release */ = {
			isa = XCBuildConfiguration;
			buildSettings = {
				BUNDLE_LOADER = "$(BUILT_PRODUCTS_DIR)/TextApp.app/Contents/MacOS/TextApp";
				COMBINE_HIDPI_IMAGES = YES;
				FRAMEWORK_SEARCH_PATHS = "\"$(DEVELOPER_LIBRARY_DIR)/Frameworks\"";
				GCC_PRECOMPILE_PREFIX_HEADER = YES;
				GCC_PREFIX_HEADER = "TextApp/TextApp-Prefix.pch";
				INFOPLIST_FILE = "TextAppTests/TextAppTests-Info.plist";
				PRODUCT_NAME = "$(TARGET_NAME)";
				TEST_HOST = "$(BUNDLE_LOADER)";
				WRAPPER_EXTENSION = octest;
			};
			name = Release;
		};
/* End XCBuildConfiguration section */

/* Begin XCConfigurationList section */
		144546ED15F15D2E001CAC58 /* Build configuration list for PBXProject "TextApp" */ = {
			isa = XCConfigurationList;
			buildConfigurations = (
				1445472315F15D2F001CAC58 /* Debug */,
				1445472415F15D2F001CAC58 /* Release */,
			);
			defaultConfigurationIsVisible = 0;
			defaultConfigurationName = Release;
		};
		1445472515F15D2F001CAC58 /* Build configuration list for PBXNativeTarget "TextApp" */ = {
			isa = XCConfigurationList;
			buildConfigurations = (
				1445472615F15D2F001CAC58 /* Debug */,
				1445472715F15D2F001CAC58 /* Release */,
			);
			defaultConfigurationIsVisible = 0;
			defaultConfigurationName = Release;
		};
		1445472815F15D2F001CAC58 /* Build configuration list for PBXNativeTarget "TextAppTests" */ = {
			isa = XCConfigurationList;
			buildConfigurations = (
				1445472915F15D2F001CAC58 /* Debug */,
				1445472A15F15D2F001CAC58 /* Release */,
			);
			defaultConfigurationIsVisible = 0;
			defaultConfigurationName = Release;
		};
/* End XCConfigurationList section */
	};
	rootObject = 144546EA15F15D2E001CAC58 /* Project object */;
}
